# generated by rye
# use `rye lock` or `rye sync` to update this lockfile
#
# last locked with the following flags:
#   pre: false
#   features: []
#   all-features: false
#   with-sources: false
#   generate-hashes: false
#   universal: false

-e file:.
beautifulsoup4==4.12.3
    # via web-scrapping-meteo
certifi==2024.8.30
    # via requests
charset-normalizer==3.3.2
    # via requests
idna==3.10
    # via requests
iniconfig==2.0.0
    # via pytest
numpy==2.1.1
    # via pandas
packaging==24.1
    # via pytest
pandas==2.2.3
    # via web-scrapping-meteo
pluggy==1.5.0
    # via pytest
pytest==8.3.3
    # via web-scrapping-meteo
python-dateutil==2.9.0.post0
    # via pandas
pytz==2024.2
    # via pandas
requests==2.32.3
    # via web-scrapping-meteo
ruff==0.6.6
    # via web-scrapping-meteo
six==1.16.0
    # via python-dateutil
soupsieve==2.6
    # via beautifulsoup4
sqlalchemy==2.0.35
    # via web-scrapping-meteo
tqdm==4.66.5
    # via web-scrapping-meteo
typing-extensions==4.12.2
    # via sqlalchemy
tzdata==2024.1
    # via pandas
urllib3==2.2.3
    # via requests
